// !$*UTF8*$!
{
	archiveVersion = 1;
	classes = {
	};
	objectVersion = 46;
	objects = {

/* Begin PBXBuildFile section */
		6A856D246653DB5DFFDD9FDC /* Pods_Wall_e.framework in Frameworks */ = {isa = PBXBuildFile; fileRef = DF9DB4BF6E83095EF6D16964 /* Pods_Wall_e.framework */; };
		BC5C9AA51FD3B4DE009EB4D4 /* Device.swift in Sources */ = {isa = PBXBuildFile; fileRef = BC5C9AA41FD3B4DE009EB4D4 /* Device.swift */; };
		BC5C9AAA1FD3B5A5009EB4D4 /* DeviceAction.swift in Sources */ = {isa = PBXBuildFile; fileRef = BC5C9AA91FD3B5A5009EB4D4 /* DeviceAction.swift */; };
		BC5C9AAD1FD3B97F009EB4D4 /* DeviceCell.swift in Sources */ = {isa = PBXBuildFile; fileRef = BC5C9AAC1FD3B97F009EB4D4 /* DeviceCell.swift */; };
		BC5C9AB11FD3BB03009EB4D4 /* DeviceManager.swift in Sources */ = {isa = PBXBuildFile; fileRef = BC5C9AB01FD3BB03009EB4D4 /* DeviceManager.swift */; };
		BC82B6781F94411A0029E90E /* AppDelegate.swift in Sources */ = {isa = PBXBuildFile; fileRef = BC82B6771F94411A0029E90E /* AppDelegate.swift */; };
		BC82B67A1F94411A0029E90E /* MainViewController.swift in Sources */ = {isa = PBXBuildFile; fileRef = BC82B6791F94411A0029E90E /* MainViewController.swift */; };
		BC82B67D1F94411A0029E90E /* Main.storyboard in Resources */ = {isa = PBXBuildFile; fileRef = BC82B67B1F94411A0029E90E /* Main.storyboard */; };
		BC82B67F1F94411A0029E90E /* Assets.xcassets in Resources */ = {isa = PBXBuildFile; fileRef = BC82B67E1F94411A0029E90E /* Assets.xcassets */; };
		BC82B6821F94411A0029E90E /* LaunchScreen.storyboard in Resources */ = {isa = PBXBuildFile; fileRef = BC82B6801F94411A0029E90E /* LaunchScreen.storyboard */; };
		BCB8F2DC1FDBA9FC0002B92C /* Constants.swift in Sources */ = {isa = PBXBuildFile; fileRef = BCB8F2DB1FDBA9FC0002B92C /* Constants.swift */; };
		BCEB8CDB1FE24AC50027B791 /* DeviceActionButton.swift in Sources */ = {isa = PBXBuildFile; fileRef = BCEB8CDA1FE24AC50027B791 /* DeviceActionButton.swift */; };
		BCEB8CDD1FE254FB0027B791 /* NetworkManager.swift in Sources */ = {isa = PBXBuildFile; fileRef = BCEB8CDC1FE254FB0027B791 /* NetworkManager.swift */; };
/* End PBXBuildFile section */

/* Begin PBXFileReference section */
		471A0BC1398CCE80C2722826 /* Pods-Wall-e.debug.xcconfig */ = {isa = PBXFileReference; includeInIndex = 1; lastKnownFileType = text.xcconfig; name = "Pods-Wall-e.debug.xcconfig"; path = "Pods/Target Support Files/Pods-Wall-e/Pods-Wall-e.debug.xcconfig"; sourceTree = "<group>"; };
		538B5B674FECFD99E01C788F /* Pods-Wall-e.release.xcconfig */ = {isa = PBXFileReference; includeInIndex = 1; lastKnownFileType = text.xcconfig; name = "Pods-Wall-e.release.xcconfig"; path = "Pods/Target Support Files/Pods-Wall-e/Pods-Wall-e.release.xcconfig"; sourceTree = "<group>"; };
		BC5C9AA41FD3B4DE009EB4D4 /* Device.swift */ = {isa = PBXFileReference; lastKnownFileType = sourcecode.swift; path = Device.swift; sourceTree = "<group>"; };
		BC5C9AA91FD3B5A5009EB4D4 /* DeviceAction.swift */ = {isa = PBXFileReference; lastKnownFileType = sourcecode.swift; path = DeviceAction.swift; sourceTree = "<group>"; };
		BC5C9AAC1FD3B97F009EB4D4 /* DeviceCell.swift */ = {isa = PBXFileReference; lastKnownFileType = sourcecode.swift; path = DeviceCell.swift; sourceTree = "<group>"; };
		BC5C9AB01FD3BB03009EB4D4 /* DeviceManager.swift */ = {isa = PBXFileReference; lastKnownFileType = sourcecode.swift; path = DeviceManager.swift; sourceTree = "<group>"; };
		BC82B6741F94411A0029E90E /* Wall-e.app */ = {isa = PBXFileReference; explicitFileType = wrapper.application; includeInIndex = 0; path = "Wall-e.app"; sourceTree = BUILT_PRODUCTS_DIR; };
		BC82B6771F94411A0029E90E /* AppDelegate.swift */ = {isa = PBXFileReference; lastKnownFileType = sourcecode.swift; path = AppDelegate.swift; sourceTree = "<group>"; };
		BC82B6791F94411A0029E90E /* MainViewController.swift */ = {isa = PBXFileReference; lastKnownFileType = sourcecode.swift; path = MainViewController.swift; sourceTree = "<group>"; };
		BC82B67C1F94411A0029E90E /* Base */ = {isa = PBXFileReference; lastKnownFileType = file.storyboard; name = Base; path = Base.lproj/Main.storyboard; sourceTree = "<group>"; };
		BC82B67E1F94411A0029E90E /* Assets.xcassets */ = {isa = PBXFileReference; lastKnownFileType = folder.assetcatalog; path = Assets.xcassets; sourceTree = "<group>"; };
		BC82B6811F94411A0029E90E /* Base */ = {isa = PBXFileReference; lastKnownFileType = file.storyboard; name = Base; path = Base.lproj/LaunchScreen.storyboard; sourceTree = "<group>"; };
		BC82B6831F94411A0029E90E /* Info.plist */ = {isa = PBXFileReference; lastKnownFileType = text.plist.xml; path = Info.plist; sourceTree = "<group>"; };
		BCB8F2DB1FDBA9FC0002B92C /* Constants.swift */ = {isa = PBXFileReference; lastKnownFileType = sourcecode.swift; path = Constants.swift; sourceTree = "<group>"; };
		BCEB8CDA1FE24AC50027B791 /* DeviceActionButton.swift */ = {isa = PBXFileReference; lastKnownFileType = sourcecode.swift; path = DeviceActionButton.swift; sourceTree = "<group>"; };
		BCEB8CDC1FE254FB0027B791 /* NetworkManager.swift */ = {isa = PBXFileReference; lastKnownFileType = sourcecode.swift; path = NetworkManager.swift; sourceTree = "<group>"; };
		DF9DB4BF6E83095EF6D16964 /* Pods_Wall_e.framework */ = {isa = PBXFileReference; explicitFileType = wrapper.framework; includeInIndex = 0; path = Pods_Wall_e.framework; sourceTree = BUILT_PRODUCTS_DIR; };
/* End PBXFileReference section */

/* Begin PBXFrameworksBuildPhase section */
		BC82B6711F94411A0029E90E /* Frameworks */ = {
			isa = PBXFrameworksBuildPhase;
			buildActionMask = 2147483647;
			files = (
				6A856D246653DB5DFFDD9FDC /* Pods_Wall_e.framework in Frameworks */,
			);
			runOnlyForDeploymentPostprocessing = 0;
		};
/* End PBXFrameworksBuildPhase section */

/* Begin PBXGroup section */
		86D0FB0934016A717F86974D /* Pods */ = {
			isa = PBXGroup;
			children = (
				471A0BC1398CCE80C2722826 /* Pods-Wall-e.debug.xcconfig */,
				538B5B674FECFD99E01C788F /* Pods-Wall-e.release.xcconfig */,
			);
			name = Pods;
			sourceTree = "<group>";
		};
		B33D42C008D16804C31EEDB0 /* Frameworks */ = {
			isa = PBXGroup;
			children = (
				DF9DB4BF6E83095EF6D16964 /* Pods_Wall_e.framework */,
			);
			name = Frameworks;
			sourceTree = "<group>";
		};
		BC5C9AA31FD3B4CC009EB4D4 /* Models */ = {
			isa = PBXGroup;
			children = (
				BC5C9AA41FD3B4DE009EB4D4 /* Device.swift */,
				BC5C9AA91FD3B5A5009EB4D4 /* DeviceAction.swift */,
			);
			path = Models;
			sourceTree = "<group>";
		};
		BC5C9AAB1FD3B96A009EB4D4 /* Views */ = {
			isa = PBXGroup;
			children = (
				BC5C9AAC1FD3B97F009EB4D4 /* DeviceCell.swift */,
				BCEB8CDA1FE24AC50027B791 /* DeviceActionButton.swift */,
			);
			path = Views;
			sourceTree = "<group>";
		};
		BC5C9AAE1FD3BAF1009EB4D4 /* Managers */ = {
			isa = PBXGroup;
			children = (
				BC5C9AB01FD3BB03009EB4D4 /* DeviceManager.swift */,
				BCEB8CDC1FE254FB0027B791 /* NetworkManager.swift */,
			);
			path = Managers;
			sourceTree = "<group>";
		};
		BC82B66B1F9441190029E90E = {
			isa = PBXGroup;
			children = (
				BC82B6761F94411A0029E90E /* Wall-e */,
				BC82B6751F94411A0029E90E /* Products */,
				86D0FB0934016A717F86974D /* Pods */,
				B33D42C008D16804C31EEDB0 /* Frameworks */,
			);
			sourceTree = "<group>";
		};
		BC82B6751F94411A0029E90E /* Products */ = {
			isa = PBXGroup;
			children = (
				BC82B6741F94411A0029E90E /* Wall-e.app */,
			);
			name = Products;
			sourceTree = "<group>";
		};
		BC82B6761F94411A0029E90E /* Wall-e */ = {
			isa = PBXGroup;
			children = (
				BCB8F2DD1FDBAA0A0002B92C /* Util */,
				BC5C9AAE1FD3BAF1009EB4D4 /* Managers */,
				BC5C9AAB1FD3B96A009EB4D4 /* Views */,
				BC82B6771F94411A0029E90E /* AppDelegate.swift */,
				BC82B6791F94411A0029E90E /* MainViewController.swift */,
				BC5C9AA31FD3B4CC009EB4D4 /* Models */,
				BC82B67B1F94411A0029E90E /* Main.storyboard */,
				BC82B67E1F94411A0029E90E /* Assets.xcassets */,
				BC82B6801F94411A0029E90E /* LaunchScreen.storyboard */,
				BC82B6831F94411A0029E90E /* Info.plist */,
			);
			path = "Wall-e";
			sourceTree = "<group>";
		};
		BCB8F2DD1FDBAA0A0002B92C /* Util */ = {
			isa = PBXGroup;
			children = (
				BCB8F2DB1FDBA9FC0002B92C /* Constants.swift */,
			);
			path = Util;
			sourceTree = "<group>";
		};
/* End PBXGroup section */

/* Begin PBXNativeTarget section */
		BC82B6731F94411A0029E90E /* Wall-e */ = {
			isa = PBXNativeTarget;
			buildConfigurationList = BC82B6861F94411A0029E90E /* Build configuration list for PBXNativeTarget "Wall-e" */;
			buildPhases = (
				5656C7F7D0222B4146B65916 /* [CP] Check Pods Manifest.lock */,
				BC82B6701F94411A0029E90E /* Sources */,
				BC82B6711F94411A0029E90E /* Frameworks */,
				BC82B6721F94411A0029E90E /* Resources */,
				41F03C62671579887F9C18F2 /* [CP] Embed Pods Frameworks */,
				1CCE89254DA5BB2B8AB29E8A /* [CP] Copy Pods Resources */,
			);
			buildRules = (
			);
			dependencies = (
			);
			name = "Wall-e";
			productName = "Wall-e";
			productReference = BC82B6741F94411A0029E90E /* Wall-e.app */;
			productType = "com.apple.product-type.application";
		};
/* End PBXNativeTarget section */

/* Begin PBXProject section */
		BC82B66C1F9441190029E90E /* Project object */ = {
			isa = PBXProject;
			attributes = {
				LastSwiftUpdateCheck = 0830;
				LastUpgradeCheck = 0830;
				ORGANIZATIONNAME = "Doug Guastaferro";
				TargetAttributes = {
					BC82B6731F94411A0029E90E = {
						CreatedOnToolsVersion = 8.3;
						DevelopmentTeam = 9XKX49QU6Y;
						ProvisioningStyle = Automatic;
					};
				};
			};
			buildConfigurationList = BC82B66F1F9441190029E90E /* Build configuration list for PBXProject "Wall-e" */;
			compatibilityVersion = "Xcode 3.2";
			developmentRegion = English;
			hasScannedForEncodings = 0;
			knownRegions = (
				en,
				Base,
			);
			mainGroup = BC82B66B1F9441190029E90E;
			productRefGroup = BC82B6751F94411A0029E90E /* Products */;
			projectDirPath = "";
			projectRoot = "";
			targets = (
				BC82B6731F94411A0029E90E /* Wall-e */,
			);
		};
/* End PBXProject section */

/* Begin PBXResourcesBuildPhase section */
		BC82B6721F94411A0029E90E /* Resources */ = {
			isa = PBXResourcesBuildPhase;
			buildActionMask = 2147483647;
			files = (
				BC82B6821F94411A0029E90E /* LaunchScreen.storyboard in Resources */,
				BC82B67F1F94411A0029E90E /* Assets.xcassets in Resources */,
				BC82B67D1F94411A0029E90E /* Main.storyboard in Resources */,
			);
			runOnlyForDeploymentPostprocessing = 0;
		};
/* End PBXResourcesBuildPhase section */

/* Begin PBXShellScriptBuildPhase section */
		1CCE89254DA5BB2B8AB29E8A /* [CP] Copy Pods Resources */ = {
			isa = PBXShellScriptBuildPhase;
			buildActionMask = 2147483647;
			files = (
			);
			inputPaths = (
			);
			name = "[CP] Copy Pods Resources";
			outputPaths = (
			);
			runOnlyForDeploymentPostprocessing = 0;
			shellPath = /bin/sh;
			shellScript = "\"${SRCROOT}/Pods/Target Support Files/Pods-Wall-e/Pods-Wall-e-resources.sh\"\n";
			showEnvVarsInLog = 0;
		};
		41F03C62671579887F9C18F2 /* [CP] Embed Pods Frameworks */ = {
			isa = PBXShellScriptBuildPhase;
			buildActionMask = 2147483647;
			files = (
			);
			inputPaths = (
				"${SRCROOT}/Pods/Target Support Files/Pods-Wall-e/Pods-Wall-e-frameworks.sh",
				"${BUILT_PRODUCTS_DIR}/Alamofire/Alamofire.framework",
			);
			name = "[CP] Embed Pods Frameworks";
			outputPaths = (
				"${TARGET_BUILD_DIR}/${FRAMEWORKS_FOLDER_PATH}/Alamofire.framework",
			);
			runOnlyForDeploymentPostprocessing = 0;
			shellPath = /bin/sh;
			shellScript = "\"${SRCROOT}/Pods/Target Support Files/Pods-Wall-e/Pods-Wall-e-frameworks.sh\"\n";
			showEnvVarsInLog = 0;
		};
		5656C7F7D0222B4146B65916 /* [CP] Check Pods Manifest.lock */ = {
			isa = PBXShellScriptBuildPhase;
			buildActionMask = 2147483647;
			files = (
			);
			inputPaths = (
				"${PODS_PODFILE_DIR_PATH}/Podfile.lock",
				"${PODS_ROOT}/Manifest.lock",
			);
			name = "[CP] Check Pods Manifest.lock";
			outputPaths = (
				"$(DERIVED_FILE_DIR)/Pods-Wall-e-checkManifestLockResult.txt",
			);
			runOnlyForDeploymentPostprocessing = 0;
			shellPath = /bin/sh;
			shellScript = "diff \"${PODS_PODFILE_DIR_PATH}/Podfile.lock\" \"${PODS_ROOT}/Manifest.lock\" > /dev/null\nif [ $? != 0 ] ; then\n    # print error to STDERR\n    echo \"error: The sandbox is not in sync with the Podfile.lock. Run 'pod install' or update your CocoaPods installation.\" >&2\n    exit 1\nfi\n# This output is used by Xcode 'outputs' to avoid re-running this script phase.\necho \"SUCCESS\" > \"${SCRIPT_OUTPUT_FILE_0}\"\n";
			showEnvVarsInLog = 0;
		};
/* End PBXShellScriptBuildPhase section */

/* Begin PBXSourcesBuildPhase section */
		BC82B6701F94411A0029E90E /* Sources */ = {
			isa = PBXSourcesBuildPhase;
			buildActionMask = 2147483647;
			files = (
				BCEB8CDD1FE254FB0027B791 /* NetworkManager.swift in Sources */,
				BC5C9AA51FD3B4DE009EB4D4 /* Device.swift in Sources */,
				BC5C9AB11FD3BB03009EB4D4 /* DeviceManager.swift in Sources */,
				BC82B67A1F94411A0029E90E /* MainViewController.swift in Sources */,
				BC82B6781F94411A0029E90E /* AppDelegate.swift in Sources */,
				BCB8F2DC1FDBA9FC0002B92C /* Constants.swift in Sources */,
				BCEB8CDB1FE24AC50027B791 /* DeviceActionButton.swift in Sources */,
				BC5C9AAD1FD3B97F009EB4D4 /* DeviceCell.swift in Sources */,
				BC5C9AAA1FD3B5A5009EB4D4 /* DeviceAction.swift in Sources */,
			);
			runOnlyForDeploymentPostprocessing = 0;
		};
/* End PBXSourcesBuildPhase section */

/* Begin PBXVariantGroup section */
		BC82B67B1F94411A0029E90E /* Main.storyboard */ = {
			isa = PBXVariantGroup;
			children = (
				BC82B67C1F94411A0029E90E /* Base */,
			);
			name = Main.storyboard;
			sourceTree = "<group>";
		};
		BC82B6801F94411A0029E90E /* LaunchScreen.storyboard */ = {
			isa = PBXVariantGroup;
			children = (
				BC82B6811F94411A0029E90E /* Base */,
			);
			name = LaunchScreen.storyboard;
			sourceTree = "<group>";
		};
/* End PBXVariantGroup section */

/* Begin XCBuildConfiguration section */
		BC82B6841F94411A0029E90E /* Debug */ = {
			isa = XCBuildConfiguration;
			buildSettings = {
				ALWAYS_SEARCH_USER_PATHS = NO;
				CLANG_ANALYZER_NONNULL = YES;
				CLANG_ANALYZER_NUMBER_OBJECT_CONVERSION = YES_AGGRESSIVE;
				CLANG_CXX_LANGUAGE_STANDARD = "gnu++0x";
				CLANG_CXX_LIBRARY = "libc++";
				CLANG_ENABLE_MODULES = YES;
				CLANG_ENABLE_OBJC_ARC = YES;
				CLANG_WARN_BOOL_CONVERSION = YES;
				CLANG_WARN_CONSTANT_CONVERSION = YES;
				CLANG_WARN_DIRECT_OBJC_ISA_USAGE = YES_ERROR;
				CLANG_WARN_DOCUMENTATION_COMMENTS = YES;
				CLANG_WARN_EMPTY_BODY = YES;
				CLANG_WARN_ENUM_CONVERSION = YES;
				CLANG_WARN_INFINITE_RECURSION = YES;
				CLANG_WARN_INT_CONVERSION = YES;
				CLANG_WARN_OBJC_ROOT_CLASS = YES_ERROR;
				CLANG_WARN_SUSPICIOUS_MOVE = YES;
				CLANG_WARN_UNREACHABLE_CODE = YES;
				CLANG_WARN__DUPLICATE_METHOD_MATCH = YES;
				"CODE_SIGN_IDENTITY[sdk=iphoneos*]" = "iPhone Developer";
				COPY_PHASE_STRIP = NO;
				DEBUG_INFORMATION_FORMAT = dwarf;
				ENABLE_STRICT_OBJC_MSGSEND = YES;
				ENABLE_TESTABILITY = YES;
				GCC_C_LANGUAGE_STANDARD = gnu99;
				GCC_DYNAMIC_NO_PIC = NO;
				GCC_NO_COMMON_BLOCKS = YES;
				GCC_OPTIMIZATION_LEVEL = 0;
				GCC_PREPROCESSOR_DEFINITIONS = (
					"DEBUG=1",
					"$(inherited)",
				);
				GCC_WARN_64_TO_32_BIT_CONVERSION = YES;
				GCC_WARN_ABOUT_RETURN_TYPE = YES_ERROR;
				GCC_WARN_UNDECLARED_SELECTOR = YES;
				GCC_WARN_UNINITIALIZED_AUTOS = YES_AGGRESSIVE;
				GCC_WARN_UNUSED_FUNCTION = YES;
				GCC_WARN_UNUSED_VARIABLE = YES;
				IPHONEOS_DEPLOYMENT_TARGET = 10.3;
				MTL_ENABLE_DEBUG_INFO = YES;
				ONLY_ACTIVE_ARCH = YES;
				SDKROOT = iphoneos;
				SWIFT_ACTIVE_COMPILATION_CONDITIONS = DEBUG;
				SWIFT_OPTIMIZATION_LEVEL = "-Onone";
			};
			name = Debug;
		};
		BC82B6851F94411A0029E90E /* Release */ = {
			isa = XCBuildConfiguration;
			buildSettings = {
				ALWAYS_SEARCH_USER_PATHS = NO;
				CLANG_ANALYZER_NONNULL = YES;
				CLANG_ANALYZER_NUMBER_OBJECT_CONVERSION = YES_AGGRESSIVE;
				CLANG_CXX_LANGUAGE_STANDARD = "gnu++0x";
				CLANG_CXX_LIBRARY = "libc++";
				CLANG_ENABLE_MODULES = YES;
				CLANG_ENABLE_OBJC_ARC = YES;
				CLANG_WARN_BOOL_CONVERSION = YES;
				CLANG_WARN_CONSTANT_CONVERSION = YES;
				CLANG_WARN_DIRECT_OBJC_ISA_USAGE = YES_ERROR;
				CLANG_WARN_DOCUMENTATION_COMMENTS = YES;
				CLANG_WARN_EMPTY_BODY = YES;
				CLANG_WARN_ENUM_CONVERSION = YES;
				CLANG_WARN_INFINITE_RECURSION = YES;
				CLANG_WARN_INT_CONVERSION = YES;
				CLANG_WARN_OBJC_ROOT_CLASS = YES_ERROR;
				CLANG_WARN_SUSPICIOUS_MOVE = YES;
				CLANG_WARN_UNREACHABLE_CODE = YES;
				CLANG_WARN__DUPLICATE_METHOD_MATCH = YES;
				"CODE_SIGN_IDENTITY[sdk=iphoneos*]" = "iPhone Developer";
				COPY_PHASE_STRIP = NO;
				DEBUG_INFORMATION_FORMAT = "dwarf-with-dsym";
				ENABLE_NS_ASSERTIONS = NO;
				ENABLE_STRICT_OBJC_MSGSEND = YES;
				GCC_C_LANGUAGE_STANDARD = gnu99;
				GCC_NO_COMMON_BLOCKS = YES;
				GCC_WARN_64_TO_32_BIT_CONVERSION = YES;
				GCC_WARN_ABOUT_RETURN_TYPE = YES_ERROR;
				GCC_WARN_UNDECLARED_SELECTOR = YES;
				GCC_WARN_UNINITIALIZED_AUTOS = YES_AGGRESSIVE;
				GCC_WARN_UNUSED_FUNCTION = YES;
				GCC_WARN_UNUSED_VARIABLE = YES;
				IPHONEOS_DEPLOYMENT_TARGET = 10.3;
				MTL_ENABLE_DEBUG_INFO = NO;
				SDKROOT = iphoneos;
				SWIFT_OPTIMIZATION_LEVEL = "-Owholemodule";
				VALIDATE_PRODUCT = YES;
			};
			name = Release;
		};
		BC82B6871F94411A0029E90E /* Debug */ = {
			isa = XCBuildConfiguration;
			baseConfigurationReference = 471A0BC1398CCE80C2722826 /* Pods-Wall-e.debug.xcconfig */;
			buildSettings = {
				ASSETCATALOG_COMPILER_APPICON_NAME = AppIcon;
				DEVELOPMENT_TEAM = 9XKX49QU6Y;
				INFOPLIST_FILE = "Wall-e/Info.plist";
				LD_RUNPATH_SEARCH_PATHS = "$(inherited) @executable_path/Frameworks";
				PRODUCT_BUNDLE_IDENTIFIER = com.booio.walle.ios;
				PRODUCT_NAME = "$(TARGET_NAME)";
				SWIFT_VERSION = 3.0;
			};
			name = Debug;
		};
		BC82B6881F94411A0029E90E /* Release */ = {
			isa = XCBuildConfiguration;
			baseConfigurationReference = 538B5B674FECFD99E01C788F /* Pods-Wall-e.release.xcconfig */;
			buildSettings = {
				ASSETCATALOG_COMPILER_APPICON_NAME = AppIcon;
				DEVELOPMENT_TEAM = 9XKX49QU6Y;
				INFOPLIST_FILE = "Wall-e/Info.plist";
				LD_RUNPATH_SEARCH_PATHS = "$(inherited) @executable_path/Frameworks";
				PRODUCT_BUNDLE_IDENTIFIER = com.booio.walle.ios;
				PRODUCT_NAME = "$(TARGET_NAME)";
				SWIFT_VERSION = 3.0;
			};
			name = Release;
		};
/* End XCBuildConfiguration section */

/* Begin XCConfigurationList section */
		BC82B66F1F9441190029E90E /* Build configuration list for PBXProject "Wall-e" */ = {
			isa = XCConfigurationList;
			buildConfigurations = (
				BC82B6841F94411A0029E90E /* Debug */,
				BC82B6851F94411A0029E90E /* Release */,
			);
			defaultConfigurationIsVisible = 0;
			defaultConfigurationName = Release;
		};
		BC82B6861F94411A0029E90E /* Build configuration list for PBXNativeTarget "Wall-e" */ = {
			isa = XCConfigurationList;
			buildConfigurations = (
				BC82B6871F94411A0029E90E /* Debug */,
				BC82B6881F94411A0029E90E /* Release */,
			);
			defaultConfigurationIsVisible = 0;
			defaultConfigurationName = Release;
		};
/* End XCConfigurationList section */
	};
	rootObject = BC82B66C1F9441190029E90E /* Project object */;
}
